
Microsoft Visual Studio Solution File, Format Version 12.00
# Visual Studio Version 17
VisualStudioVersion = 17.4.33122.133
MinimumVisualStudioVersion = 10.0.40219.1
Project("{9A19103F-16F7-4668-BE54-9A1E7A4F7556}") = "ClassIsland", "ClassIsland\ClassIsland.csproj", "{F78DB747-AB6C-4B83-9139-37DFC58C0146}"
EndProject
Project("{9A19103F-16F7-4668-BE54-9A1E7A4F7556}") = "ClassIsland.Shared", "ClassIsland.Shared\ClassIsland.Shared.csproj", "{1A19A8AD-A401-445A-8C63-77EC5B7C103F}"
EndProject
Project("{9A19103F-16F7-4668-BE54-9A1E7A4F7556}") = "ClassIsland.Core", "ClassIsland.Core\ClassIsland.Core.csproj", "{DF9F0F39-65EE-411C-A982-FC5973AD7F46}"
EndProject
Project("{9A19103F-16F7-4668-BE54-9A1E7A4F7556}") = "ClassIsland.PluginSdk", "ClassIsland.PluginSdk\ClassIsland.PluginSdk.csproj", "{3ADDAAA5-F261-4B8D-9A2A-CE7E27DEBA5A}"
EndProject
Project("{9A19103F-16F7-4668-BE54-9A1E7A4F7556}") = "ClassIsland.ExamplePlugin", "ClassIsland.ExamplePlugin\ClassIsland.ExamplePlugin.csproj", "{4B7FC11A-616F-4E6A-8966-9E7E23665A5A}"
EndProject
Project("{2150E333-8FDC-42A3-9474-1A3956D46DE8}") = "tools", "tools", "{D97171AD-1C66-4A93-9D48-7BEC798ADAA6}"
	ProjectSection(SolutionItems) = preProject
		tools\build-appveyor.ps1 = tools\build-appveyor.ps1
		tools\generate-md5.ps1 = tools\generate-md5.ps1
		tools\pre-publish.ps1 = tools\pre-publish.ps1
		tools\publish-nupkg.ps1 = tools\publish-nupkg.ps1
		tools\publish.ps1 = tools\publish.ps1
	EndProjectSection
EndProject
Project("{2150E333-8FDC-42A3-9474-1A3956D46DE8}") = "SolutionFiles", "SolutionFiles", "{C60E65AA-B5D2-49BD-B3B9-E3F69F33B77D}"
	ProjectSection(SolutionItems) = preProject
		AssemblyInfo.cs = AssemblyInfo.cs
		GeneratePackage.props = GeneratePackage.props
		Global.props = Global.props
	EndProjectSection
EndProject
Project("{2150E333-8FDC-42A3-9474-1A3956D46DE8}") = "workflows", "workflows", "{E8120023-59D8-4112-90E7-D10A3A799A4C}"
	ProjectSection(SolutionItems) = preProject
		.github\workflows\build_release.yml = .github\workflows\build_release.yml
	EndProjectSection
EndProject
Project("{2150E333-8FDC-42A3-9474-1A3956D46DE8}") = "Demos", "Demos", "{006EDE57-B272-4893-AABA-4F91D431BC0B}"
EndProject
Project("{9A19103F-16F7-4668-BE54-9A1E7A4F7556}") = "Edge_tts_sharp", "vendors\EdgeTtsSharp\Edge_tts_sharp\Edge_tts_sharp.csproj", "{D490316C-8D92-41EF-AAF4-26E902E7FF4F}"
EndProject
Project("{FAE04EC0-301F-11D3-BF4B-00C04F79EFBC}") = "System.Device.Location", "vendors\System.Device.Location\System.Device.Location.csproj", "{8E0D48FA-FDF5-493C-AC89-9DE25E0D2EB3}"
EndProject
Project("{FAE04EC0-301F-11D3-BF4B-00C04F79EFBC}") = "ClassIsland.Launcher", "ClassIsland.Launcher\ClassIsland.Launcher.csproj", "{32B1CD4E-7002-4ED2-82EB-CF7F3EDD3F95}"
EndProject
Project("{2150E333-8FDC-42A3-9474-1A3956D46DE8}") = "Libraries", "Libraries", "{F2E35B3E-9711-EDEC-6202-DB40BDEED14A}"
EndProject
Project("{2150E333-8FDC-42A3-9474-1A3956D46DE8}") = "UiAccess", "UiAccess", "{3FF67AE6-ABB4-265E-9AC1-13E2882CFC9E}"
EndProject
Project("{FAE04EC0-301F-11D3-BF4B-00C04F79EFBC}") = "IccEvolved.UiAccess", "Libraries\UiAccess\IccEvolved.UiAccess\IccEvolved.UiAccess.csproj", "{D8526E1F-B285-4588-A94F-A894B695CD64}"
EndProject
Project("{FAE04EC0-301F-11D3-BF4B-00C04F79EFBC}") = "IccEvolved.UiAccess.Helper", "Libraries\UiAccess\IccEvolved.UiAccess.Helper\IccEvolved.UiAccess.Helper.csproj", "{D62E9402-E7D1-4763-B92C-C161F0054434}"
EndProject
Project("{FAE04EC0-301F-11D3-BF4B-00C04F79EFBC}") = "Squircle", "Libraries\Squircle\Squircle.csproj", "{A7235120-7345-4DA5-ADDE-BE952E46BB0C}"
EndProject
Global
	GlobalSection(SolutionConfigurationPlatforms) = preSolution
		Debug_MSIX|Any CPU = Debug_MSIX|Any CPU
		Debug_MSIX|ARM = Debug_MSIX|ARM
		Debug_MSIX|ARM64 = Debug_MSIX|ARM64
		Debug_MSIX|x64 = Debug_MSIX|x64
		Debug_MSIX|x86 = Debug_MSIX|x86
		Debug|Any CPU = Debug|Any CPU
		Debug|ARM = Debug|ARM
		Debug|ARM64 = Debug|ARM64
		Debug|x64 = Debug|x64
		Debug|x86 = Debug|x86
		Release_MSIX|Any CPU = Release_MSIX|Any CPU
		Release_MSIX|ARM = Release_MSIX|ARM
		Release_MSIX|ARM64 = Release_MSIX|ARM64
		Release_MSIX|x64 = Release_MSIX|x64
		Release_MSIX|x86 = Release_MSIX|x86
		Release|Any CPU = Release|Any CPU
		Release|ARM = Release|ARM
		Release|ARM64 = Release|ARM64
		Release|x64 = Release|x64
		Release|x86 = Release|x86
	EndGlobalSection
	GlobalSection(ProjectConfigurationPlatforms) = postSolution
		{F78DB747-AB6C-4B83-9139-37DFC58C0146}.Debug_MSIX|Any CPU.ActiveCfg = Debug_MSIX|Any CPU
		{F78DB747-AB6C-4B83-9139-37DFC58C0146}.Debug_MSIX|Any CPU.Build.0 = Debug_MSIX|Any CPU
		{F78DB747-AB6C-4B83-9139-37DFC58C0146}.Debug_MSIX|ARM.ActiveCfg = Debug_MSIX|Any CPU
		{F78DB747-AB6C-4B83-9139-37DFC58C0146}.Debug_MSIX|ARM.Build.0 = Debug_MSIX|Any CPU
		{F78DB747-AB6C-4B83-9139-37DFC58C0146}.Debug_MSIX|ARM64.ActiveCfg = Debug_MSIX|Any CPU
		{F78DB747-AB6C-4B83-9139-37DFC58C0146}.Debug_MSIX|ARM64.Build.0 = Debug_MSIX|Any CPU
		{F78DB747-AB6C-4B83-9139-37DFC58C0146}.Debug_MSIX|x64.ActiveCfg = Debug_MSIX|Any CPU
		{F78DB747-AB6C-4B83-9139-37DFC58C0146}.Debug_MSIX|x64.Build.0 = Debug_MSIX|Any CPU
		{F78DB747-AB6C-4B83-9139-37DFC58C0146}.Debug_MSIX|x86.ActiveCfg = Debug_MSIX|Any CPU
		{F78DB747-AB6C-4B83-9139-37DFC58C0146}.Debug_MSIX|x86.Build.0 = Debug_MSIX|Any CPU
		{F78DB747-AB6C-4B83-9139-37DFC58C0146}.Debug|Any CPU.ActiveCfg = Debug|Any CPU
		{F78DB747-AB6C-4B83-9139-37DFC58C0146}.Debug|Any CPU.Build.0 = Debug|Any CPU
		{F78DB747-AB6C-4B83-9139-37DFC58C0146}.Debug|ARM.ActiveCfg = Debug|Any CPU
		{F78DB747-AB6C-4B83-9139-37DFC58C0146}.Debug|ARM.Build.0 = Debug|Any CPU
		{F78DB747-AB6C-4B83-9139-37DFC58C0146}.Debug|ARM64.ActiveCfg = Debug|Any CPU
		{F78DB747-AB6C-4B83-9139-37DFC58C0146}.Debug|ARM64.Build.0 = Debug|Any CPU
		{F78DB747-AB6C-4B83-9139-37DFC58C0146}.Debug|x64.ActiveCfg = Debug|Any CPU
		{F78DB747-AB6C-4B83-9139-37DFC58C0146}.Debug|x64.Build.0 = Debug|Any CPU
		{F78DB747-AB6C-4B83-9139-37DFC58C0146}.Debug|x86.ActiveCfg = Debug|Any CPU
		{F78DB747-AB6C-4B83-9139-37DFC58C0146}.Debug|x86.Build.0 = Debug|Any CPU
		{F78DB747-AB6C-4B83-9139-37DFC58C0146}.Release_MSIX|Any CPU.ActiveCfg = Release_MSIX|Any CPU
		{F78DB747-AB6C-4B83-9139-37DFC58C0146}.Release_MSIX|Any CPU.Build.0 = Release_MSIX|Any CPU
		{F78DB747-AB6C-4B83-9139-37DFC58C0146}.Release_MSIX|ARM.ActiveCfg = Release_MSIX|Any CPU
		{F78DB747-AB6C-4B83-9139-37DFC58C0146}.Release_MSIX|ARM.Build.0 = Release_MSIX|Any CPU
		{F78DB747-AB6C-4B83-9139-37DFC58C0146}.Release_MSIX|ARM64.ActiveCfg = Release_MSIX|Any CPU
		{F78DB747-AB6C-4B83-9139-37DFC58C0146}.Release_MSIX|ARM64.Build.0 = Release_MSIX|Any CPU
		{F78DB747-AB6C-4B83-9139-37DFC58C0146}.Release_MSIX|x64.ActiveCfg = Release_MSIX|Any CPU
		{F78DB747-AB6C-4B83-9139-37DFC58C0146}.Release_MSIX|x64.Build.0 = Release_MSIX|Any CPU
		{F78DB747-AB6C-4B83-9139-37DFC58C0146}.Release_MSIX|x86.ActiveCfg = Release_MSIX|Any CPU
		{F78DB747-AB6C-4B83-9139-37DFC58C0146}.Release_MSIX|x86.Build.0 = Release_MSIX|Any CPU
		{F78DB747-AB6C-4B83-9139-37DFC58C0146}.Release|Any CPU.ActiveCfg = Release|Any CPU
		{F78DB747-AB6C-4B83-9139-37DFC58C0146}.Release|Any CPU.Build.0 = Release|Any CPU
		{F78DB747-AB6C-4B83-9139-37DFC58C0146}.Release|ARM.ActiveCfg = Release|Any CPU
		{F78DB747-AB6C-4B83-9139-37DFC58C0146}.Release|ARM.Build.0 = Release|Any CPU
		{F78DB747-AB6C-4B83-9139-37DFC58C0146}.Release|ARM64.ActiveCfg = Release|Any CPU
		{F78DB747-AB6C-4B83-9139-37DFC58C0146}.Release|ARM64.Build.0 = Release|Any CPU
		{F78DB747-AB6C-4B83-9139-37DFC58C0146}.Release|x64.ActiveCfg = Release|Any CPU
		{F78DB747-AB6C-4B83-9139-37DFC58C0146}.Release|x64.Build.0 = Release|Any CPU
		{F78DB747-AB6C-4B83-9139-37DFC58C0146}.Release|x86.ActiveCfg = Release|Any CPU
		{F78DB747-AB6C-4B83-9139-37DFC58C0146}.Release|x86.Build.0 = Release|Any CPU
		{1A19A8AD-A401-445A-8C63-77EC5B7C103F}.Debug_MSIX|Any CPU.ActiveCfg = Debug_MSIX|Any CPU
		{1A19A8AD-A401-445A-8C63-77EC5B7C103F}.Debug_MSIX|Any CPU.Build.0 = Debug_MSIX|Any CPU
		{1A19A8AD-A401-445A-8C63-77EC5B7C103F}.Debug_MSIX|ARM.ActiveCfg = Debug_MSIX|Any CPU
		{1A19A8AD-A401-445A-8C63-77EC5B7C103F}.Debug_MSIX|ARM.Build.0 = Debug_MSIX|Any CPU
		{1A19A8AD-A401-445A-8C63-77EC5B7C103F}.Debug_MSIX|ARM64.ActiveCfg = Debug_MSIX|Any CPU
		{1A19A8AD-A401-445A-8C63-77EC5B7C103F}.Debug_MSIX|ARM64.Build.0 = Debug_MSIX|Any CPU
		{1A19A8AD-A401-445A-8C63-77EC5B7C103F}.Debug_MSIX|x64.ActiveCfg = Debug_MSIX|Any CPU
		{1A19A8AD-A401-445A-8C63-77EC5B7C103F}.Debug_MSIX|x64.Build.0 = Debug_MSIX|Any CPU
		{1A19A8AD-A401-445A-8C63-77EC5B7C103F}.Debug_MSIX|x86.ActiveCfg = Debug_MSIX|Any CPU
		{1A19A8AD-A401-445A-8C63-77EC5B7C103F}.Debug_MSIX|x86.Build.0 = Debug_MSIX|Any CPU
		{1A19A8AD-A401-445A-8C63-77EC5B7C103F}.Debug|Any CPU.ActiveCfg = Debug|Any CPU
		{1A19A8AD-A401-445A-8C63-77EC5B7C103F}.Debug|Any CPU.Build.0 = Debug|Any CPU
		{1A19A8AD-A401-445A-8C63-77EC5B7C103F}.Debug|ARM.ActiveCfg = Debug|Any CPU
		{1A19A8AD-A401-445A-8C63-77EC5B7C103F}.Debug|ARM.Build.0 = Debug|Any CPU
		{1A19A8AD-A401-445A-8C63-77EC5B7C103F}.Debug|ARM64.ActiveCfg = Debug|Any CPU
		{1A19A8AD-A401-445A-8C63-77EC5B7C103F}.Debug|ARM64.Build.0 = Debug|Any CPU
		{1A19A8AD-A401-445A-8C63-77EC5B7C103F}.Debug|x64.ActiveCfg = Debug|Any CPU
		{1A19A8AD-A401-445A-8C63-77EC5B7C103F}.Debug|x64.Build.0 = Debug|Any CPU
		{1A19A8AD-A401-445A-8C63-77EC5B7C103F}.Debug|x86.ActiveCfg = Debug|Any CPU
		{1A19A8AD-A401-445A-8C63-77EC5B7C103F}.Debug|x86.Build.0 = Debug|Any CPU
		{1A19A8AD-A401-445A-8C63-77EC5B7C103F}.Release_MSIX|Any CPU.ActiveCfg = Release_MSIX|Any CPU
		{1A19A8AD-A401-445A-8C63-77EC5B7C103F}.Release_MSIX|Any CPU.Build.0 = Release_MSIX|Any CPU
		{1A19A8AD-A401-445A-8C63-77EC5B7C103F}.Release_MSIX|ARM.ActiveCfg = Release_MSIX|Any CPU
		{1A19A8AD-A401-445A-8C63-77EC5B7C103F}.Release_MSIX|ARM.Build.0 = Release_MSIX|Any CPU
		{1A19A8AD-A401-445A-8C63-77EC5B7C103F}.Release_MSIX|ARM64.ActiveCfg = Release_MSIX|Any CPU
		{1A19A8AD-A401-445A-8C63-77EC5B7C103F}.Release_MSIX|ARM64.Build.0 = Release_MSIX|Any CPU
		{1A19A8AD-A401-445A-8C63-77EC5B7C103F}.Release_MSIX|x64.ActiveCfg = Release_MSIX|Any CPU
		{1A19A8AD-A401-445A-8C63-77EC5B7C103F}.Release_MSIX|x64.Build.0 = Release_MSIX|Any CPU
		{1A19A8AD-A401-445A-8C63-77EC5B7C103F}.Release_MSIX|x86.ActiveCfg = Release_MSIX|Any CPU
		{1A19A8AD-A401-445A-8C63-77EC5B7C103F}.Release_MSIX|x86.Build.0 = Release_MSIX|Any CPU
		{1A19A8AD-A401-445A-8C63-77EC5B7C103F}.Release|Any CPU.ActiveCfg = Release|Any CPU
		{1A19A8AD-A401-445A-8C63-77EC5B7C103F}.Release|Any CPU.Build.0 = Release|Any CPU
		{1A19A8AD-A401-445A-8C63-77EC5B7C103F}.Release|ARM.ActiveCfg = Release|Any CPU
		{1A19A8AD-A401-445A-8C63-77EC5B7C103F}.Release|ARM.Build.0 = Release|Any CPU
		{1A19A8AD-A401-445A-8C63-77EC5B7C103F}.Release|ARM64.ActiveCfg = Release|Any CPU
		{1A19A8AD-A401-445A-8C63-77EC5B7C103F}.Release|ARM64.Build.0 = Release|Any CPU
		{1A19A8AD-A401-445A-8C63-77EC5B7C103F}.Release|x64.ActiveCfg = Release|Any CPU
		{1A19A8AD-A401-445A-8C63-77EC5B7C103F}.Release|x64.Build.0 = Release|Any CPU
		{1A19A8AD-A401-445A-8C63-77EC5B7C103F}.Release|x86.ActiveCfg = Release|Any CPU
		{1A19A8AD-A401-445A-8C63-77EC5B7C103F}.Release|x86.Build.0 = Release|Any CPU
		{DF9F0F39-65EE-411C-A982-FC5973AD7F46}.Debug_MSIX|Any CPU.ActiveCfg = Debug_MSIX|Any CPU
		{DF9F0F39-65EE-411C-A982-FC5973AD7F46}.Debug_MSIX|Any CPU.Build.0 = Debug_MSIX|Any CPU
		{DF9F0F39-65EE-411C-A982-FC5973AD7F46}.Debug_MSIX|ARM.ActiveCfg = Debug_MSIX|Any CPU
		{DF9F0F39-65EE-411C-A982-FC5973AD7F46}.Debug_MSIX|ARM.Build.0 = Debug_MSIX|Any CPU
		{DF9F0F39-65EE-411C-A982-FC5973AD7F46}.Debug_MSIX|ARM64.ActiveCfg = Debug_MSIX|Any CPU
		{DF9F0F39-65EE-411C-A982-FC5973AD7F46}.Debug_MSIX|ARM64.Build.0 = Debug_MSIX|Any CPU
		{DF9F0F39-65EE-411C-A982-FC5973AD7F46}.Debug_MSIX|x64.ActiveCfg = Debug_MSIX|Any CPU
		{DF9F0F39-65EE-411C-A982-FC5973AD7F46}.Debug_MSIX|x64.Build.0 = Debug_MSIX|Any CPU
		{DF9F0F39-65EE-411C-A982-FC5973AD7F46}.Debug_MSIX|x86.ActiveCfg = Debug_MSIX|Any CPU
		{DF9F0F39-65EE-411C-A982-FC5973AD7F46}.Debug_MSIX|x86.Build.0 = Debug_MSIX|Any CPU
		{DF9F0F39-65EE-411C-A982-FC5973AD7F46}.Debug|Any CPU.ActiveCfg = Debug|Any CPU
		{DF9F0F39-65EE-411C-A982-FC5973AD7F46}.Debug|Any CPU.Build.0 = Debug|Any CPU
		{DF9F0F39-65EE-411C-A982-FC5973AD7F46}.Debug|ARM.ActiveCfg = Debug|Any CPU
		{DF9F0F39-65EE-411C-A982-FC5973AD7F46}.Debug|ARM.Build.0 = Debug|Any CPU
		{DF9F0F39-65EE-411C-A982-FC5973AD7F46}.Debug|ARM64.ActiveCfg = Debug|Any CPU
		{DF9F0F39-65EE-411C-A982-FC5973AD7F46}.Debug|ARM64.Build.0 = Debug|Any CPU
		{DF9F0F39-65EE-411C-A982-FC5973AD7F46}.Debug|x64.ActiveCfg = Debug|Any CPU
		{DF9F0F39-65EE-411C-A982-FC5973AD7F46}.Debug|x64.Build.0 = Debug|Any CPU
		{DF9F0F39-65EE-411C-A982-FC5973AD7F46}.Debug|x86.ActiveCfg = Debug|Any CPU
		{DF9F0F39-65EE-411C-A982-FC5973AD7F46}.Debug|x86.Build.0 = Debug|Any CPU
		{DF9F0F39-65EE-411C-A982-FC5973AD7F46}.Release_MSIX|Any CPU.ActiveCfg = Release_MSIX|Any CPU
		{DF9F0F39-65EE-411C-A982-FC5973AD7F46}.Release_MSIX|Any CPU.Build.0 = Release_MSIX|Any CPU
		{DF9F0F39-65EE-411C-A982-FC5973AD7F46}.Release_MSIX|ARM.ActiveCfg = Release_MSIX|Any CPU
		{DF9F0F39-65EE-411C-A982-FC5973AD7F46}.Release_MSIX|ARM.Build.0 = Release_MSIX|Any CPU
		{DF9F0F39-65EE-411C-A982-FC5973AD7F46}.Release_MSIX|ARM64.ActiveCfg = Release_MSIX|Any CPU
		{DF9F0F39-65EE-411C-A982-FC5973AD7F46}.Release_MSIX|ARM64.Build.0 = Release_MSIX|Any CPU
		{DF9F0F39-65EE-411C-A982-FC5973AD7F46}.Release_MSIX|x64.ActiveCfg = Release_MSIX|Any CPU
		{DF9F0F39-65EE-411C-A982-FC5973AD7F46}.Release_MSIX|x64.Build.0 = Release_MSIX|Any CPU
		{DF9F0F39-65EE-411C-A982-FC5973AD7F46}.Release_MSIX|x86.ActiveCfg = Release_MSIX|Any CPU
		{DF9F0F39-65EE-411C-A982-FC5973AD7F46}.Release_MSIX|x86.Build.0 = Release_MSIX|Any CPU
		{DF9F0F39-65EE-411C-A982-FC5973AD7F46}.Release|Any CPU.ActiveCfg = Release|Any CPU
		{DF9F0F39-65EE-411C-A982-FC5973AD7F46}.Release|Any CPU.Build.0 = Release|Any CPU
		{DF9F0F39-65EE-411C-A982-FC5973AD7F46}.Release|ARM.ActiveCfg = Release|Any CPU
		{DF9F0F39-65EE-411C-A982-FC5973AD7F46}.Release|ARM.Build.0 = Release|Any CPU
		{DF9F0F39-65EE-411C-A982-FC5973AD7F46}.Release|ARM64.ActiveCfg = Release|Any CPU
		{DF9F0F39-65EE-411C-A982-FC5973AD7F46}.Release|ARM64.Build.0 = Release|Any CPU
		{DF9F0F39-65EE-411C-A982-FC5973AD7F46}.Release|x64.ActiveCfg = Release|Any CPU
		{DF9F0F39-65EE-411C-A982-FC5973AD7F46}.Release|x64.Build.0 = Release|Any CPU
		{DF9F0F39-65EE-411C-A982-FC5973AD7F46}.Release|x86.ActiveCfg = Release|Any CPU
		{DF9F0F39-65EE-411C-A982-FC5973AD7F46}.Release|x86.Build.0 = Release|Any CPU
		{3ADDAAA5-F261-4B8D-9A2A-CE7E27DEBA5A}.Debug_MSIX|Any CPU.ActiveCfg = Debug_MSIX|Any CPU
		{3ADDAAA5-F261-4B8D-9A2A-CE7E27DEBA5A}.Debug_MSIX|Any CPU.Build.0 = Debug_MSIX|Any CPU
		{3ADDAAA5-F261-4B8D-9A2A-CE7E27DEBA5A}.Debug_MSIX|ARM.ActiveCfg = Debug_MSIX|Any CPU
		{3ADDAAA5-F261-4B8D-9A2A-CE7E27DEBA5A}.Debug_MSIX|ARM.Build.0 = Debug_MSIX|Any CPU
		{3ADDAAA5-F261-4B8D-9A2A-CE7E27DEBA5A}.Debug_MSIX|ARM64.ActiveCfg = Debug_MSIX|Any CPU
		{3ADDAAA5-F261-4B8D-9A2A-CE7E27DEBA5A}.Debug_MSIX|ARM64.Build.0 = Debug_MSIX|Any CPU
		{3ADDAAA5-F261-4B8D-9A2A-CE7E27DEBA5A}.Debug_MSIX|x64.ActiveCfg = Debug_MSIX|Any CPU
		{3ADDAAA5-F261-4B8D-9A2A-CE7E27DEBA5A}.Debug_MSIX|x64.Build.0 = Debug_MSIX|Any CPU
		{3ADDAAA5-F261-4B8D-9A2A-CE7E27DEBA5A}.Debug_MSIX|x86.ActiveCfg = Debug_MSIX|Any CPU
		{3ADDAAA5-F261-4B8D-9A2A-CE7E27DEBA5A}.Debug_MSIX|x86.Build.0 = Debug_MSIX|Any CPU
		{3ADDAAA5-F261-4B8D-9A2A-CE7E27DEBA5A}.Debug|Any CPU.ActiveCfg = Debug|Any CPU
		{3ADDAAA5-F261-4B8D-9A2A-CE7E27DEBA5A}.Debug|Any CPU.Build.0 = Debug|Any CPU
		{3ADDAAA5-F261-4B8D-9A2A-CE7E27DEBA5A}.Debug|ARM.ActiveCfg = Debug|Any CPU
		{3ADDAAA5-F261-4B8D-9A2A-CE7E27DEBA5A}.Debug|ARM.Build.0 = Debug|Any CPU
		{3ADDAAA5-F261-4B8D-9A2A-CE7E27DEBA5A}.Debug|ARM64.ActiveCfg = Debug|Any CPU
		{3ADDAAA5-F261-4B8D-9A2A-CE7E27DEBA5A}.Debug|ARM64.Build.0 = Debug|Any CPU
		{3ADDAAA5-F261-4B8D-9A2A-CE7E27DEBA5A}.Debug|x64.ActiveCfg = Debug|Any CPU
		{3ADDAAA5-F261-4B8D-9A2A-CE7E27DEBA5A}.Debug|x64.Build.0 = Debug|Any CPU
		{3ADDAAA5-F261-4B8D-9A2A-CE7E27DEBA5A}.Debug|x86.ActiveCfg = Debug|Any CPU
		{3ADDAAA5-F261-4B8D-9A2A-CE7E27DEBA5A}.Debug|x86.Build.0 = Debug|Any CPU
		{3ADDAAA5-F261-4B8D-9A2A-CE7E27DEBA5A}.Release_MSIX|Any CPU.ActiveCfg = Release_MSIX|Any CPU
		{3ADDAAA5-F261-4B8D-9A2A-CE7E27DEBA5A}.Release_MSIX|Any CPU.Build.0 = Release_MSIX|Any CPU
		{3ADDAAA5-F261-4B8D-9A2A-CE7E27DEBA5A}.Release_MSIX|ARM.ActiveCfg = Release_MSIX|Any CPU
		{3ADDAAA5-F261-4B8D-9A2A-CE7E27DEBA5A}.Release_MSIX|ARM.Build.0 = Release_MSIX|Any CPU
		{3ADDAAA5-F261-4B8D-9A2A-CE7E27DEBA5A}.Release_MSIX|ARM64.ActiveCfg = Release_MSIX|Any CPU
		{3ADDAAA5-F261-4B8D-9A2A-CE7E27DEBA5A}.Release_MSIX|ARM64.Build.0 = Release_MSIX|Any CPU
		{3ADDAAA5-F261-4B8D-9A2A-CE7E27DEBA5A}.Release_MSIX|x64.ActiveCfg = Release_MSIX|Any CPU
		{3ADDAAA5-F261-4B8D-9A2A-CE7E27DEBA5A}.Release_MSIX|x64.Build.0 = Release_MSIX|Any CPU
		{3ADDAAA5-F261-4B8D-9A2A-CE7E27DEBA5A}.Release_MSIX|x86.ActiveCfg = Release_MSIX|Any CPU
		{3ADDAAA5-F261-4B8D-9A2A-CE7E27DEBA5A}.Release_MSIX|x86.Build.0 = Release_MSIX|Any CPU
		{3ADDAAA5-F261-4B8D-9A2A-CE7E27DEBA5A}.Release|Any CPU.ActiveCfg = Release|Any CPU
		{3ADDAAA5-F261-4B8D-9A2A-CE7E27DEBA5A}.Release|Any CPU.Build.0 = Release|Any CPU
		{3ADDAAA5-F261-4B8D-9A2A-CE7E27DEBA5A}.Release|ARM.ActiveCfg = Release|Any CPU
		{3ADDAAA5-F261-4B8D-9A2A-CE7E27DEBA5A}.Release|ARM.Build.0 = Release|Any CPU
		{3ADDAAA5-F261-4B8D-9A2A-CE7E27DEBA5A}.Release|ARM64.ActiveCfg = Release|Any CPU
		{3ADDAAA5-F261-4B8D-9A2A-CE7E27DEBA5A}.Release|ARM64.Build.0 = Release|Any CPU
		{3ADDAAA5-F261-4B8D-9A2A-CE7E27DEBA5A}.Release|x64.ActiveCfg = Release|Any CPU
		{3ADDAAA5-F261-4B8D-9A2A-CE7E27DEBA5A}.Release|x64.Build.0 = Release|Any CPU
		{3ADDAAA5-F261-4B8D-9A2A-CE7E27DEBA5A}.Release|x86.ActiveCfg = Release|Any CPU
		{3ADDAAA5-F261-4B8D-9A2A-CE7E27DEBA5A}.Release|x86.Build.0 = Release|Any CPU
		{4B7FC11A-616F-4E6A-8966-9E7E23665A5A}.Debug_MSIX|Any CPU.ActiveCfg = Debug_MSIX|Any CPU
		{4B7FC11A-616F-4E6A-8966-9E7E23665A5A}.Debug_MSIX|Any CPU.Build.0 = Debug_MSIX|Any CPU
		{4B7FC11A-616F-4E6A-8966-9E7E23665A5A}.Debug_MSIX|ARM.ActiveCfg = Debug_MSIX|Any CPU
		{4B7FC11A-616F-4E6A-8966-9E7E23665A5A}.Debug_MSIX|ARM.Build.0 = Debug_MSIX|Any CPU
		{4B7FC11A-616F-4E6A-8966-9E7E23665A5A}.Debug_MSIX|ARM64.ActiveCfg = Debug_MSIX|Any CPU
		{4B7FC11A-616F-4E6A-8966-9E7E23665A5A}.Debug_MSIX|ARM64.Build.0 = Debug_MSIX|Any CPU
		{4B7FC11A-616F-4E6A-8966-9E7E23665A5A}.Debug_MSIX|x64.ActiveCfg = Debug_MSIX|Any CPU
		{4B7FC11A-616F-4E6A-8966-9E7E23665A5A}.Debug_MSIX|x86.ActiveCfg = Debug_MSIX|Any CPU
		{4B7FC11A-616F-4E6A-8966-9E7E23665A5A}.Debug_MSIX|x86.Build.0 = Debug_MSIX|Any CPU
		{4B7FC11A-616F-4E6A-8966-9E7E23665A5A}.Debug|Any CPU.ActiveCfg = Debug|Any CPU
		{4B7FC11A-616F-4E6A-8966-9E7E23665A5A}.Debug|Any CPU.Build.0 = Debug|Any CPU
		{4B7FC11A-616F-4E6A-8966-9E7E23665A5A}.Debug|ARM.ActiveCfg = Debug|Any CPU
		{4B7FC11A-616F-4E6A-8966-9E7E23665A5A}.Debug|ARM.Build.0 = Debug|Any CPU
		{4B7FC11A-616F-4E6A-8966-9E7E23665A5A}.Debug|ARM64.ActiveCfg = Debug|Any CPU
		{4B7FC11A-616F-4E6A-8966-9E7E23665A5A}.Debug|ARM64.Build.0 = Debug|Any CPU
		{4B7FC11A-616F-4E6A-8966-9E7E23665A5A}.Debug|x64.ActiveCfg = Debug|Any CPU
		{4B7FC11A-616F-4E6A-8966-9E7E23665A5A}.Debug|x64.Build.0 = Debug|Any CPU
		{4B7FC11A-616F-4E6A-8966-9E7E23665A5A}.Debug|x86.ActiveCfg = Debug|Any CPU
		{4B7FC11A-616F-4E6A-8966-9E7E23665A5A}.Debug|x86.Build.0 = Debug|Any CPU
		{4B7FC11A-616F-4E6A-8966-9E7E23665A5A}.Release_MSIX|Any CPU.ActiveCfg = Release_MSIX|Any CPU
		{4B7FC11A-616F-4E6A-8966-9E7E23665A5A}.Release_MSIX|ARM.ActiveCfg = Release_MSIX|Any CPU
		{4B7FC11A-616F-4E6A-8966-9E7E23665A5A}.Release_MSIX|ARM.Build.0 = Release_MSIX|Any CPU
		{4B7FC11A-616F-4E6A-8966-9E7E23665A5A}.Release_MSIX|ARM64.ActiveCfg = Release_MSIX|Any CPU
		{4B7FC11A-616F-4E6A-8966-9E7E23665A5A}.Release_MSIX|ARM64.Build.0 = Release_MSIX|Any CPU
		{4B7FC11A-616F-4E6A-8966-9E7E23665A5A}.Release_MSIX|x64.ActiveCfg = Release_MSIX|Any CPU
		{4B7FC11A-616F-4E6A-8966-9E7E23665A5A}.Release_MSIX|x64.Build.0 = Release_MSIX|Any CPU
		{4B7FC11A-616F-4E6A-8966-9E7E23665A5A}.Release_MSIX|x86.ActiveCfg = Release_MSIX|Any CPU
		{4B7FC11A-616F-4E6A-8966-9E7E23665A5A}.Release_MSIX|x86.Build.0 = Release_MSIX|Any CPU
		{4B7FC11A-616F-4E6A-8966-9E7E23665A5A}.Release|Any CPU.ActiveCfg = Release|Any CPU
		{4B7FC11A-616F-4E6A-8966-9E7E23665A5A}.Release|Any CPU.Build.0 = Release|Any CPU
		{4B7FC11A-616F-4E6A-8966-9E7E23665A5A}.Release|ARM.ActiveCfg = Release|Any CPU
		{4B7FC11A-616F-4E6A-8966-9E7E23665A5A}.Release|ARM.Build.0 = Release|Any CPU
		{4B7FC11A-616F-4E6A-8966-9E7E23665A5A}.Release|ARM64.ActiveCfg = Release|Any CPU
		{4B7FC11A-616F-4E6A-8966-9E7E23665A5A}.Release|ARM64.Build.0 = Release|Any CPU
		{4B7FC11A-616F-4E6A-8966-9E7E23665A5A}.Release|x64.ActiveCfg = Release|Any CPU
		{4B7FC11A-616F-4E6A-8966-9E7E23665A5A}.Release|x64.Build.0 = Release|Any CPU
		{4B7FC11A-616F-4E6A-8966-9E7E23665A5A}.Release|x86.ActiveCfg = Release|Any CPU
		{4B7FC11A-616F-4E6A-8966-9E7E23665A5A}.Release|x86.Build.0 = Release|Any CPU
		{D490316C-8D92-41EF-AAF4-26E902E7FF4F}.Debug_MSIX|Any CPU.ActiveCfg = Debug_MSIX|Any CPU
		{D490316C-8D92-41EF-AAF4-26E902E7FF4F}.Debug_MSIX|Any CPU.Build.0 = Debug_MSIX|Any CPU
		{D490316C-8D92-41EF-AAF4-26E902E7FF4F}.Debug_MSIX|ARM.ActiveCfg = Debug_MSIX|Any CPU
		{D490316C-8D92-41EF-AAF4-26E902E7FF4F}.Debug_MSIX|ARM.Build.0 = Debug_MSIX|Any CPU
		{D490316C-8D92-41EF-AAF4-26E902E7FF4F}.Debug_MSIX|ARM64.ActiveCfg = Debug_MSIX|Any CPU
		{D490316C-8D92-41EF-AAF4-26E902E7FF4F}.Debug_MSIX|ARM64.Build.0 = Debug_MSIX|Any CPU
		{D490316C-8D92-41EF-AAF4-26E902E7FF4F}.Debug_MSIX|x64.ActiveCfg = Debug_MSIX|Any CPU
		{D490316C-8D92-41EF-AAF4-26E902E7FF4F}.Debug_MSIX|x64.Build.0 = Debug_MSIX|Any CPU
		{D490316C-8D92-41EF-AAF4-26E902E7FF4F}.Debug_MSIX|x86.ActiveCfg = Debug_MSIX|Any CPU
		{D490316C-8D92-41EF-AAF4-26E902E7FF4F}.Debug_MSIX|x86.Build.0 = Debug_MSIX|Any CPU
		{D490316C-8D92-41EF-AAF4-26E902E7FF4F}.Debug|Any CPU.ActiveCfg = Debug|Any CPU
		{D490316C-8D92-41EF-AAF4-26E902E7FF4F}.Debug|Any CPU.Build.0 = Debug|Any CPU
		{D490316C-8D92-41EF-AAF4-26E902E7FF4F}.Debug|ARM.ActiveCfg = Debug|Any CPU
		{D490316C-8D92-41EF-AAF4-26E902E7FF4F}.Debug|ARM.Build.0 = Debug|Any CPU
		{D490316C-8D92-41EF-AAF4-26E902E7FF4F}.Debug|ARM64.ActiveCfg = Debug|Any CPU
		{D490316C-8D92-41EF-AAF4-26E902E7FF4F}.Debug|ARM64.Build.0 = Debug|Any CPU
		{D490316C-8D92-41EF-AAF4-26E902E7FF4F}.Debug|x64.ActiveCfg = Debug|Any CPU
		{D490316C-8D92-41EF-AAF4-26E902E7FF4F}.Debug|x64.Build.0 = Debug|Any CPU
		{D490316C-8D92-41EF-AAF4-26E902E7FF4F}.Debug|x86.ActiveCfg = Debug|Any CPU
		{D490316C-8D92-41EF-AAF4-26E902E7FF4F}.Debug|x86.Build.0 = Debug|Any CPU
		{D490316C-8D92-41EF-AAF4-26E902E7FF4F}.Release_MSIX|Any CPU.ActiveCfg = Release_MSIX|Any CPU
		{D490316C-8D92-41EF-AAF4-26E902E7FF4F}.Release_MSIX|Any CPU.Build.0 = Release_MSIX|Any CPU
		{D490316C-8D92-41EF-AAF4-26E902E7FF4F}.Release_MSIX|ARM.ActiveCfg = Release_MSIX|Any CPU
		{D490316C-8D92-41EF-AAF4-26E902E7FF4F}.Release_MSIX|ARM.Build.0 = Release_MSIX|Any CPU
		{D490316C-8D92-41EF-AAF4-26E902E7FF4F}.Release_MSIX|ARM64.ActiveCfg = Release_MSIX|Any CPU
		{D490316C-8D92-41EF-AAF4-26E902E7FF4F}.Release_MSIX|ARM64.Build.0 = Release_MSIX|Any CPU
		{D490316C-8D92-41EF-AAF4-26E902E7FF4F}.Release_MSIX|x64.ActiveCfg = Release_MSIX|Any CPU
		{D490316C-8D92-41EF-AAF4-26E902E7FF4F}.Release_MSIX|x64.Build.0 = Release_MSIX|Any CPU
		{D490316C-8D92-41EF-AAF4-26E902E7FF4F}.Release_MSIX|x86.ActiveCfg = Release_MSIX|Any CPU
		{D490316C-8D92-41EF-AAF4-26E902E7FF4F}.Release_MSIX|x86.Build.0 = Release_MSIX|Any CPU
		{D490316C-8D92-41EF-AAF4-26E902E7FF4F}.Release|Any CPU.ActiveCfg = Release|Any CPU
		{D490316C-8D92-41EF-AAF4-26E902E7FF4F}.Release|Any CPU.Build.0 = Release|Any CPU
		{D490316C-8D92-41EF-AAF4-26E902E7FF4F}.Release|ARM.ActiveCfg = Release|Any CPU
		{D490316C-8D92-41EF-AAF4-26E902E7FF4F}.Release|ARM.Build.0 = Release|Any CPU
		{D490316C-8D92-41EF-AAF4-26E902E7FF4F}.Release|ARM64.ActiveCfg = Release|Any CPU
		{D490316C-8D92-41EF-AAF4-26E902E7FF4F}.Release|ARM64.Build.0 = Release|Any CPU
		{D490316C-8D92-41EF-AAF4-26E902E7FF4F}.Release|x64.ActiveCfg = Release|Any CPU
		{D490316C-8D92-41EF-AAF4-26E902E7FF4F}.Release|x64.Build.0 = Release|Any CPU
		{D490316C-8D92-41EF-AAF4-26E902E7FF4F}.Release|x86.ActiveCfg = Release|Any CPU
		{D490316C-8D92-41EF-AAF4-26E902E7FF4F}.Release|x86.Build.0 = Release|Any CPU
		{8E0D48FA-FDF5-493C-AC89-9DE25E0D2EB3}.Debug_MSIX|Any CPU.ActiveCfg = Debug|Any CPU
		{8E0D48FA-FDF5-493C-AC89-9DE25E0D2EB3}.Debug_MSIX|Any CPU.Build.0 = Debug|Any CPU
		{8E0D48FA-FDF5-493C-AC89-9DE25E0D2EB3}.Debug_MSIX|ARM.ActiveCfg = Debug|Any CPU
		{8E0D48FA-FDF5-493C-AC89-9DE25E0D2EB3}.Debug_MSIX|ARM.Build.0 = Debug|Any CPU
		{8E0D48FA-FDF5-493C-AC89-9DE25E0D2EB3}.Debug_MSIX|ARM64.ActiveCfg = Debug|Any CPU
		{8E0D48FA-FDF5-493C-AC89-9DE25E0D2EB3}.Debug_MSIX|ARM64.Build.0 = Debug|Any CPU
		{8E0D48FA-FDF5-493C-AC89-9DE25E0D2EB3}.Debug_MSIX|x64.ActiveCfg = Debug|Any CPU
		{8E0D48FA-FDF5-493C-AC89-9DE25E0D2EB3}.Debug_MSIX|x64.Build.0 = Debug|Any CPU
		{8E0D48FA-FDF5-493C-AC89-9DE25E0D2EB3}.Debug_MSIX|x86.ActiveCfg = Debug|Any CPU
		{8E0D48FA-FDF5-493C-AC89-9DE25E0D2EB3}.Debug_MSIX|x86.Build.0 = Debug|Any CPU
		{8E0D48FA-FDF5-493C-AC89-9DE25E0D2EB3}.Debug|Any CPU.ActiveCfg = Debug|Any CPU
		{8E0D48FA-FDF5-493C-AC89-9DE25E0D2EB3}.Debug|Any CPU.Build.0 = Debug|Any CPU
		{8E0D48FA-FDF5-493C-AC89-9DE25E0D2EB3}.Debug|ARM.ActiveCfg = Debug|Any CPU
		{8E0D48FA-FDF5-493C-AC89-9DE25E0D2EB3}.Debug|ARM.Build.0 = Debug|Any CPU
		{8E0D48FA-FDF5-493C-AC89-9DE25E0D2EB3}.Debug|ARM64.ActiveCfg = Debug|Any CPU
		{8E0D48FA-FDF5-493C-AC89-9DE25E0D2EB3}.Debug|ARM64.Build.0 = Debug|Any CPU
		{8E0D48FA-FDF5-493C-AC89-9DE25E0D2EB3}.Debug|x64.ActiveCfg = Debug|Any CPU
		{8E0D48FA-FDF5-493C-AC89-9DE25E0D2EB3}.Debug|x64.Build.0 = Debug|Any CPU
		{8E0D48FA-FDF5-493C-AC89-9DE25E0D2EB3}.Debug|x86.ActiveCfg = Debug|Any CPU
		{8E0D48FA-FDF5-493C-AC89-9DE25E0D2EB3}.Debug|x86.Build.0 = Debug|Any CPU
		{8E0D48FA-FDF5-493C-AC89-9DE25E0D2EB3}.Release_MSIX|Any CPU.ActiveCfg = Release|Any CPU
		{8E0D48FA-FDF5-493C-AC89-9DE25E0D2EB3}.Release_MSIX|Any CPU.Build.0 = Release|Any CPU
		{8E0D48FA-FDF5-493C-AC89-9DE25E0D2EB3}.Release_MSIX|ARM.ActiveCfg = Release|Any CPU
		{8E0D48FA-FDF5-493C-AC89-9DE25E0D2EB3}.Release_MSIX|ARM.Build.0 = Release|Any CPU
		{8E0D48FA-FDF5-493C-AC89-9DE25E0D2EB3}.Release_MSIX|ARM64.ActiveCfg = Release|Any CPU
		{8E0D48FA-FDF5-493C-AC89-9DE25E0D2EB3}.Release_MSIX|ARM64.Build.0 = Release|Any CPU
		{8E0D48FA-FDF5-493C-AC89-9DE25E0D2EB3}.Release_MSIX|x64.ActiveCfg = Release|Any CPU
		{8E0D48FA-FDF5-493C-AC89-9DE25E0D2EB3}.Release_MSIX|x64.Build.0 = Release|Any CPU
		{8E0D48FA-FDF5-493C-AC89-9DE25E0D2EB3}.Release_MSIX|x86.ActiveCfg = Release|Any CPU
		{8E0D48FA-FDF5-493C-AC89-9DE25E0D2EB3}.Release_MSIX|x86.Build.0 = Release|Any CPU
		{8E0D48FA-FDF5-493C-AC89-9DE25E0D2EB3}.Release|Any CPU.ActiveCfg = Release|Any CPU
		{8E0D48FA-FDF5-493C-AC89-9DE25E0D2EB3}.Release|Any CPU.Build.0 = Release|Any CPU
		{8E0D48FA-FDF5-493C-AC89-9DE25E0D2EB3}.Release|ARM.ActiveCfg = Release|Any CPU
		{8E0D48FA-FDF5-493C-AC89-9DE25E0D2EB3}.Release|ARM.Build.0 = Release|Any CPU
		{8E0D48FA-FDF5-493C-AC89-9DE25E0D2EB3}.Release|ARM64.ActiveCfg = Release|Any CPU
		{8E0D48FA-FDF5-493C-AC89-9DE25E0D2EB3}.Release|ARM64.Build.0 = Release|Any CPU
		{8E0D48FA-FDF5-493C-AC89-9DE25E0D2EB3}.Release|x64.ActiveCfg = Release|Any CPU
		{8E0D48FA-FDF5-493C-AC89-9DE25E0D2EB3}.Release|x64.Build.0 = Release|Any CPU
		{8E0D48FA-FDF5-493C-AC89-9DE25E0D2EB3}.Release|x86.ActiveCfg = Release|Any CPU
		{8E0D48FA-FDF5-493C-AC89-9DE25E0D2EB3}.Release|x86.Build.0 = Release|Any CPU
		{32B1CD4E-7002-4ED2-82EB-CF7F3EDD3F95}.Debug_MSIX|Any CPU.ActiveCfg = Debug|Any CPU
		{32B1CD4E-7002-4ED2-82EB-CF7F3EDD3F95}.Debug_MSIX|Any CPU.Build.0 = Debug|Any CPU
		{32B1CD4E-7002-4ED2-82EB-CF7F3EDD3F95}.Debug_MSIX|ARM.ActiveCfg = Debug|Any CPU
		{32B1CD4E-7002-4ED2-82EB-CF7F3EDD3F95}.Debug_MSIX|ARM.Build.0 = Debug|Any CPU
		{32B1CD4E-7002-4ED2-82EB-CF7F3EDD3F95}.Debug_MSIX|ARM64.ActiveCfg = Debug|Any CPU
		{32B1CD4E-7002-4ED2-82EB-CF7F3EDD3F95}.Debug_MSIX|ARM64.Build.0 = Debug|Any CPU
		{32B1CD4E-7002-4ED2-82EB-CF7F3EDD3F95}.Debug_MSIX|x64.ActiveCfg = Debug|Any CPU
		{32B1CD4E-7002-4ED2-82EB-CF7F3EDD3F95}.Debug_MSIX|x64.Build.0 = Debug|Any CPU
		{32B1CD4E-7002-4ED2-82EB-CF7F3EDD3F95}.Debug_MSIX|x86.ActiveCfg = Debug|Any CPU
		{32B1CD4E-7002-4ED2-82EB-CF7F3EDD3F95}.Debug_MSIX|x86.Build.0 = Debug|Any CPU
		{32B1CD4E-7002-4ED2-82EB-CF7F3EDD3F95}.Debug|Any CPU.ActiveCfg = Debug|Any CPU
		{32B1CD4E-7002-4ED2-82EB-CF7F3EDD3F95}.Debug|Any CPU.Build.0 = Debug|Any CPU
		{32B1CD4E-7002-4ED2-82EB-CF7F3EDD3F95}.Debug|ARM.ActiveCfg = Debug|Any CPU
		{32B1CD4E-7002-4ED2-82EB-CF7F3EDD3F95}.Debug|ARM.Build.0 = Debug|Any CPU
		{32B1CD4E-7002-4ED2-82EB-CF7F3EDD3F95}.Debug|ARM64.ActiveCfg = Debug|Any CPU
		{32B1CD4E-7002-4ED2-82EB-CF7F3EDD3F95}.Debug|ARM64.Build.0 = Debug|Any CPU
		{32B1CD4E-7002-4ED2-82EB-CF7F3EDD3F95}.Debug|x64.ActiveCfg = Debug|Any CPU
		{32B1CD4E-7002-4ED2-82EB-CF7F3EDD3F95}.Debug|x64.Build.0 = Debug|Any CPU
		{32B1CD4E-7002-4ED2-82EB-CF7F3EDD3F95}.Debug|x86.ActiveCfg = Debug|Any CPU
		{32B1CD4E-7002-4ED2-82EB-CF7F3EDD3F95}.Debug|x86.Build.0 = Debug|Any CPU
		{32B1CD4E-7002-4ED2-82EB-CF7F3EDD3F95}.Release_MSIX|Any CPU.ActiveCfg = Release|Any CPU
		{32B1CD4E-7002-4ED2-82EB-CF7F3EDD3F95}.Release_MSIX|Any CPU.Build.0 = Release|Any CPU
		{32B1CD4E-7002-4ED2-82EB-CF7F3EDD3F95}.Release_MSIX|ARM.ActiveCfg = Release|Any CPU
		{32B1CD4E-7002-4ED2-82EB-CF7F3EDD3F95}.Release_MSIX|ARM.Build.0 = Release|Any CPU
		{32B1CD4E-7002-4ED2-82EB-CF7F3EDD3F95}.Release_MSIX|ARM64.ActiveCfg = Release|Any CPU
		{32B1CD4E-7002-4ED2-82EB-CF7F3EDD3F95}.Release_MSIX|ARM64.Build.0 = Release|Any CPU
		{32B1CD4E-7002-4ED2-82EB-CF7F3EDD3F95}.Release_MSIX|x64.ActiveCfg = Release|Any CPU
		{32B1CD4E-7002-4ED2-82EB-CF7F3EDD3F95}.Release_MSIX|x64.Build.0 = Release|Any CPU
		{32B1CD4E-7002-4ED2-82EB-CF7F3EDD3F95}.Release_MSIX|x86.ActiveCfg = Release|Any CPU
		{32B1CD4E-7002-4ED2-82EB-CF7F3EDD3F95}.Release_MSIX|x86.Build.0 = Release|Any CPU
		{32B1CD4E-7002-4ED2-82EB-CF7F3EDD3F95}.Release|Any CPU.ActiveCfg = Release|Any CPU
		{32B1CD4E-7002-4ED2-82EB-CF7F3EDD3F95}.Release|Any CPU.Build.0 = Release|Any CPU
		{32B1CD4E-7002-4ED2-82EB-CF7F3EDD3F95}.Release|ARM.ActiveCfg = Release|Any CPU
		{32B1CD4E-7002-4ED2-82EB-CF7F3EDD3F95}.Release|ARM.Build.0 = Release|Any CPU
		{32B1CD4E-7002-4ED2-82EB-CF7F3EDD3F95}.Release|ARM64.ActiveCfg = Release|Any CPU
		{32B1CD4E-7002-4ED2-82EB-CF7F3EDD3F95}.Release|ARM64.Build.0 = Release|Any CPU
		{32B1CD4E-7002-4ED2-82EB-CF7F3EDD3F95}.Release|x64.ActiveCfg = Release|Any CPU
		{32B1CD4E-7002-4ED2-82EB-CF7F3EDD3F95}.Release|x64.Build.0 = Release|Any CPU
		{32B1CD4E-7002-4ED2-82EB-CF7F3EDD3F95}.Release|x86.ActiveCfg = Release|Any CPU
		{32B1CD4E-7002-4ED2-82EB-CF7F3EDD3F95}.Release|x86.Build.0 = Release|Any CPU
		{D8526E1F-B285-4588-A94F-A894B695CD64}.Debug_MSIX|Any CPU.ActiveCfg = Debug|Any CPU
		{D8526E1F-B285-4588-A94F-A894B695CD64}.Debug_MSIX|Any CPU.Build.0 = Debug|Any CPU
		{D8526E1F-B285-4588-A94F-A894B695CD64}.Debug_MSIX|ARM.ActiveCfg = Debug|Any CPU
		{D8526E1F-B285-4588-A94F-A894B695CD64}.Debug_MSIX|ARM.Build.0 = Debug|Any CPU
		{D8526E1F-B285-4588-A94F-A894B695CD64}.Debug_MSIX|ARM64.ActiveCfg = Debug|Any CPU
		{D8526E1F-B285-4588-A94F-A894B695CD64}.Debug_MSIX|ARM64.Build.0 = Debug|Any CPU
		{D8526E1F-B285-4588-A94F-A894B695CD64}.Debug_MSIX|x64.ActiveCfg = Debug|Any CPU
		{D8526E1F-B285-4588-A94F-A894B695CD64}.Debug_MSIX|x64.Build.0 = Debug|Any CPU
		{D8526E1F-B285-4588-A94F-A894B695CD64}.Debug_MSIX|x86.ActiveCfg = Debug|Any CPU
		{D8526E1F-B285-4588-A94F-A894B695CD64}.Debug_MSIX|x86.Build.0 = Debug|Any CPU
		{D8526E1F-B285-4588-A94F-A894B695CD64}.Debug|Any CPU.ActiveCfg = Debug|Any CPU
		{D8526E1F-B285-4588-A94F-A894B695CD64}.Debug|Any CPU.Build.0 = Debug|Any CPU
		{D8526E1F-B285-4588-A94F-A894B695CD64}.Debug|ARM.ActiveCfg = Debug|Any CPU
		{D8526E1F-B285-4588-A94F-A894B695CD64}.Debug|ARM.Build.0 = Debug|Any CPU
		{D8526E1F-B285-4588-A94F-A894B695CD64}.Debug|ARM64.ActiveCfg = Debug|Any CPU
		{D8526E1F-B285-4588-A94F-A894B695CD64}.Debug|ARM64.Build.0 = Debug|Any CPU
		{D8526E1F-B285-4588-A94F-A894B695CD64}.Debug|x64.ActiveCfg = Debug|Any CPU
		{D8526E1F-B285-4588-A94F-A894B695CD64}.Debug|x64.Build.0 = Debug|Any CPU
		{D8526E1F-B285-4588-A94F-A894B695CD64}.Debug|x86.ActiveCfg = Debug|Any CPU
		{D8526E1F-B285-4588-A94F-A894B695CD64}.Debug|x86.Build.0 = Debug|Any CPU
		{D8526E1F-B285-4588-A94F-A894B695CD64}.Release_MSIX|Any CPU.ActiveCfg = Debug|Any CPU
		{D8526E1F-B285-4588-A94F-A894B695CD64}.Release_MSIX|Any CPU.Build.0 = Debug|Any CPU
		{D8526E1F-B285-4588-A94F-A894B695CD64}.Release_MSIX|ARM.ActiveCfg = Debug|Any CPU
		{D8526E1F-B285-4588-A94F-A894B695CD64}.Release_MSIX|ARM.Build.0 = Debug|Any CPU
		{D8526E1F-B285-4588-A94F-A894B695CD64}.Release_MSIX|ARM64.ActiveCfg = Debug|Any CPU
		{D8526E1F-B285-4588-A94F-A894B695CD64}.Release_MSIX|ARM64.Build.0 = Debug|Any CPU
		{D8526E1F-B285-4588-A94F-A894B695CD64}.Release_MSIX|x64.ActiveCfg = Debug|Any CPU
		{D8526E1F-B285-4588-A94F-A894B695CD64}.Release_MSIX|x64.Build.0 = Debug|Any CPU
		{D8526E1F-B285-4588-A94F-A894B695CD64}.Release_MSIX|x86.ActiveCfg = Debug|Any CPU
		{D8526E1F-B285-4588-A94F-A894B695CD64}.Release_MSIX|x86.Build.0 = Debug|Any CPU
		{D8526E1F-B285-4588-A94F-A894B695CD64}.Release|Any CPU.ActiveCfg = Release|Any CPU
		{D8526E1F-B285-4588-A94F-A894B695CD64}.Release|Any CPU.Build.0 = Release|Any CPU
		{D8526E1F-B285-4588-A94F-A894B695CD64}.Release|ARM.ActiveCfg = Release|Any CPU
		{D8526E1F-B285-4588-A94F-A894B695CD64}.Release|ARM.Build.0 = Release|Any CPU
		{D8526E1F-B285-4588-A94F-A894B695CD64}.Release|ARM64.ActiveCfg = Release|Any CPU
		{D8526E1F-B285-4588-A94F-A894B695CD64}.Release|ARM64.Build.0 = Release|Any CPU
		{D8526E1F-B285-4588-A94F-A894B695CD64}.Release|x64.ActiveCfg = Release|Any CPU
		{D8526E1F-B285-4588-A94F-A894B695CD64}.Release|x64.Build.0 = Release|Any CPU
		{D8526E1F-B285-4588-A94F-A894B695CD64}.Release|x86.ActiveCfg = Release|Any CPU
		{D8526E1F-B285-4588-A94F-A894B695CD64}.Release|x86.Build.0 = Release|Any CPU
		{D62E9402-E7D1-4763-B92C-C161F0054434}.Debug_MSIX|Any CPU.ActiveCfg = Debug|Any CPU
		{D62E9402-E7D1-4763-B92C-C161F0054434}.Debug_MSIX|Any CPU.Build.0 = Debug|Any CPU
		{D62E9402-E7D1-4763-B92C-C161F0054434}.Debug_MSIX|ARM.ActiveCfg = Debug|Any CPU
		{D62E9402-E7D1-4763-B92C-C161F0054434}.Debug_MSIX|ARM.Build.0 = Debug|Any CPU
		{D62E9402-E7D1-4763-B92C-C161F0054434}.Debug_MSIX|ARM64.ActiveCfg = Debug|Any CPU
		{D62E9402-E7D1-4763-B92C-C161F0054434}.Debug_MSIX|ARM64.Build.0 = Debug|Any CPU
		{D62E9402-E7D1-4763-B92C-C161F0054434}.Debug_MSIX|x64.ActiveCfg = Debug|Any CPU
		{D62E9402-E7D1-4763-B92C-C161F0054434}.Debug_MSIX|x64.Build.0 = Debug|Any CPU
		{D62E9402-E7D1-4763-B92C-C161F0054434}.Debug_MSIX|x86.ActiveCfg = Debug|Any CPU
		{D62E9402-E7D1-4763-B92C-C161F0054434}.Debug_MSIX|x86.Build.0 = Debug|Any CPU
		{D62E9402-E7D1-4763-B92C-C161F0054434}.Debug|Any CPU.ActiveCfg = Debug|Any CPU
		{D62E9402-E7D1-4763-B92C-C161F0054434}.Debug|Any CPU.Build.0 = Debug|Any CPU
		{D62E9402-E7D1-4763-B92C-C161F0054434}.Debug|ARM.ActiveCfg = Debug|Any CPU
		{D62E9402-E7D1-4763-B92C-C161F0054434}.Debug|ARM.Build.0 = Debug|Any CPU
		{D62E9402-E7D1-4763-B92C-C161F0054434}.Debug|ARM64.ActiveCfg = Debug|Any CPU
		{D62E9402-E7D1-4763-B92C-C161F0054434}.Debug|ARM64.Build.0 = Debug|Any CPU
		{D62E9402-E7D1-4763-B92C-C161F0054434}.Debug|x64.ActiveCfg = Debug|Any CPU
		{D62E9402-E7D1-4763-B92C-C161F0054434}.Debug|x64.Build.0 = Debug|Any CPU
		{D62E9402-E7D1-4763-B92C-C161F0054434}.Debug|x86.ActiveCfg = Debug|Any CPU
		{D62E9402-E7D1-4763-B92C-C161F0054434}.Debug|x86.Build.0 = Debug|Any CPU
		{D62E9402-E7D1-4763-B92C-C161F0054434}.Release_MSIX|Any CPU.ActiveCfg = Debug|Any CPU
		{D62E9402-E7D1-4763-B92C-C161F0054434}.Release_MSIX|Any CPU.Build.0 = Debug|Any CPU
		{D62E9402-E7D1-4763-B92C-C161F0054434}.Release_MSIX|ARM.ActiveCfg = Debug|Any CPU
		{D62E9402-E7D1-4763-B92C-C161F0054434}.Release_MSIX|ARM.Build.0 = Debug|Any CPU
		{D62E9402-E7D1-4763-B92C-C161F0054434}.Release_MSIX|ARM64.ActiveCfg = Debug|Any CPU
		{D62E9402-E7D1-4763-B92C-C161F0054434}.Release_MSIX|ARM64.Build.0 = Debug|Any CPU
		{D62E9402-E7D1-4763-B92C-C161F0054434}.Release_MSIX|x64.ActiveCfg = Debug|Any CPU
		{D62E9402-E7D1-4763-B92C-C161F0054434}.Release_MSIX|x64.Build.0 = Debug|Any CPU
		{D62E9402-E7D1-4763-B92C-C161F0054434}.Release_MSIX|x86.ActiveCfg = Debug|Any CPU
		{D62E9402-E7D1-4763-B92C-C161F0054434}.Release_MSIX|x86.Build.0 = Debug|Any CPU
		{D62E9402-E7D1-4763-B92C-C161F0054434}.Release|Any CPU.ActiveCfg = Release|Any CPU
		{D62E9402-E7D1-4763-B92C-C161F0054434}.Release|Any CPU.Build.0 = Release|Any CPU
		{D62E9402-E7D1-4763-B92C-C161F0054434}.Release|ARM.ActiveCfg = Release|Any CPU
		{D62E9402-E7D1-4763-B92C-C161F0054434}.Release|ARM.Build.0 = Release|Any CPU
		{D62E9402-E7D1-4763-B92C-C161F0054434}.Release|ARM64.ActiveCfg = Release|Any CPU
		{D62E9402-E7D1-4763-B92C-C161F0054434}.Release|ARM64.Build.0 = Release|Any CPU
		{D62E9402-E7D1-4763-B92C-C161F0054434}.Release|x64.ActiveCfg = Release|Any CPU
		{D62E9402-E7D1-4763-B92C-C161F0054434}.Release|x64.Build.0 = Release|Any CPU
		{D62E9402-E7D1-4763-B92C-C161F0054434}.Release|x86.ActiveCfg = Release|Any CPU
		{D62E9402-E7D1-4763-B92C-C161F0054434}.Release|x86.Build.0 = Release|Any CPU
		{A7235120-7345-4DA5-ADDE-BE952E46BB0C}.Debug_MSIX|Any CPU.ActiveCfg = Debug|Any CPU
		{A7235120-7345-4DA5-ADDE-BE952E46BB0C}.Debug_MSIX|Any CPU.Build.0 = Debug|Any CPU
		{A7235120-7345-4DA5-ADDE-BE952E46BB0C}.Debug_MSIX|ARM.ActiveCfg = Debug|Any CPU
		{A7235120-7345-4DA5-ADDE-BE952E46BB0C}.Debug_MSIX|ARM.Build.0 = Debug|Any CPU
		{A7235120-7345-4DA5-ADDE-BE952E46BB0C}.Debug_MSIX|ARM64.ActiveCfg = Debug|Any CPU
		{A7235120-7345-4DA5-ADDE-BE952E46BB0C}.Debug_MSIX|ARM64.Build.0 = Debug|Any CPU
		{A7235120-7345-4DA5-ADDE-BE952E46BB0C}.Debug_MSIX|x64.ActiveCfg = Debug|Any CPU
		{A7235120-7345-4DA5-ADDE-BE952E46BB0C}.Debug_MSIX|x64.Build.0 = Debug|Any CPU
		{A7235120-7345-4DA5-ADDE-BE952E46BB0C}.Debug_MSIX|x86.ActiveCfg = Debug|Any CPU
		{A7235120-7345-4DA5-ADDE-BE952E46BB0C}.Debug_MSIX|x86.Build.0 = Debug|Any CPU
		{A7235120-7345-4DA5-ADDE-BE952E46BB0C}.Debug|Any CPU.ActiveCfg = Debug|Any CPU
		{A7235120-7345-4DA5-ADDE-BE952E46BB0C}.Debug|Any CPU.Build.0 = Debug|Any CPU
		{A7235120-7345-4DA5-ADDE-BE952E46BB0C}.Debug|ARM.ActiveCfg = Debug|Any CPU
		{A7235120-7345-4DA5-ADDE-BE952E46BB0C}.Debug|ARM.Build.0 = Debug|Any CPU
		{A7235120-7345-4DA5-ADDE-BE952E46BB0C}.Debug|ARM64.ActiveCfg = Debug|Any CPU
		{A7235120-7345-4DA5-ADDE-BE952E46BB0C}.Debug|ARM64.Build.0 = Debug|Any CPU
		{A7235120-7345-4DA5-ADDE-BE952E46BB0C}.Debug|x64.ActiveCfg = Debug|Any CPU
		{A7235120-7345-4DA5-ADDE-BE952E46BB0C}.Debug|x64.Build.0 = Debug|Any CPU
		{A7235120-7345-4DA5-ADDE-BE952E46BB0C}.Debug|x86.ActiveCfg = Debug|Any CPU
		{A7235120-7345-4DA5-ADDE-BE952E46BB0C}.Debug|x86.Build.0 = Debug|Any CPU
		{A7235120-7345-4DA5-ADDE-BE952E46BB0C}.Release_MSIX|Any CPU.ActiveCfg = Debug|Any CPU
		{A7235120-7345-4DA5-ADDE-BE952E46BB0C}.Release_MSIX|Any CPU.Build.0 = Debug|Any CPU
		{A7235120-7345-4DA5-ADDE-BE952E46BB0C}.Release_MSIX|ARM.ActiveCfg = Debug|Any CPU
		{A7235120-7345-4DA5-ADDE-BE952E46BB0C}.Release_MSIX|ARM.Build.0 = Debug|Any CPU
		{A7235120-7345-4DA5-ADDE-BE952E46BB0C}.Release_MSIX|ARM64.ActiveCfg = Debug|Any CPU
		{A7235120-7345-4DA5-ADDE-BE952E46BB0C}.Release_MSIX|ARM64.Build.0 = Debug|Any CPU
		{A7235120-7345-4DA5-ADDE-BE952E46BB0C}.Release_MSIX|x64.ActiveCfg = Debug|Any CPU
		{A7235120-7345-4DA5-ADDE-BE952E46BB0C}.Release_MSIX|x64.Build.0 = Debug|Any CPU
		{A7235120-7345-4DA5-ADDE-BE952E46BB0C}.Release_MSIX|x86.ActiveCfg = Debug|Any CPU
		{A7235120-7345-4DA5-ADDE-BE952E46BB0C}.Release_MSIX|x86.Build.0 = Debug|Any CPU
		{A7235120-7345-4DA5-ADDE-BE952E46BB0C}.Release|Any CPU.ActiveCfg = Release|Any CPU
		{A7235120-7345-4DA5-ADDE-BE952E46BB0C}.Release|Any CPU.Build.0 = Release|Any CPU
		{A7235120-7345-4DA5-ADDE-BE952E46BB0C}.Release|ARM.ActiveCfg = Release|Any CPU
		{A7235120-7345-4DA5-ADDE-BE952E46BB0C}.Release|ARM.Build.0 = Release|Any CPU
		{A7235120-7345-4DA5-ADDE-BE952E46BB0C}.Release|ARM64.ActiveCfg = Release|Any CPU
		{A7235120-7345-4DA5-ADDE-BE952E46BB0C}.Release|ARM64.Build.0 = Release|Any CPU
		{A7235120-7345-4DA5-ADDE-BE952E46BB0C}.Release|x64.ActiveCfg = Release|Any CPU
		{A7235120-7345-4DA5-ADDE-BE952E46BB0C}.Release|x64.Build.0 = Release|Any CPU
		{A7235120-7345-4DA5-ADDE-BE952E46BB0C}.Release|x86.ActiveCfg = Release|Any CPU
		{A7235120-7345-4DA5-ADDE-BE952E46BB0C}.Release|x86.Build.0 = Release|Any CPU
	EndGlobalSection
	GlobalSection(SolutionProperties) = preSolution
		HideSolutionNode = FALSE
	EndGlobalSection
	GlobalSection(NestedProjects) = preSolution
		{D97171AD-1C66-4A93-9D48-7BEC798ADAA6} = {C60E65AA-B5D2-49BD-B3B9-E3F69F33B77D}
		{E8120023-59D8-4112-90E7-D10A3A799A4C} = {C60E65AA-B5D2-49BD-B3B9-E3F69F33B77D}
		{3FF67AE6-ABB4-265E-9AC1-13E2882CFC9E} = {F2E35B3E-9711-EDEC-6202-DB40BDEED14A}
		{D8526E1F-B285-4588-A94F-A894B695CD64} = {3FF67AE6-ABB4-265E-9AC1-13E2882CFC9E}
		{D62E9402-E7D1-4763-B92C-C161F0054434} = {3FF67AE6-ABB4-265E-9AC1-13E2882CFC9E}
		{A7235120-7345-4DA5-ADDE-BE952E46BB0C} = {F2E35B3E-9711-EDEC-6202-DB40BDEED14A}
	EndGlobalSection
	GlobalSection(ExtensibilityGlobals) = postSolution
		SolutionGuid = {DE85CB48-0314-4D96-A0A2-0E3AC049E3A3}
	EndGlobalSection
EndGlobal
